<?xml version="1.0" encoding="utf-8"?>
<Project ToolsVersion="4.0" xmlns="http://schemas.microsoft.com/developer/msbuild/2003">
  <ItemGroup>
    <Filter Include="Source Files">
      <UniqueIdentifier>{4FC737F1-C7A5-4376-A066-2A32D752A2FF}</UniqueIdentifier>
      <Extensions>cpp;c;cc;cxx;def;odl;idl;hpj;bat;asm;asmx</Extensions>
    </Filter>
    <Filter Include="Header Files">
      <UniqueIdentifier>{93995380-89BD-4b04-88EB-625FBE52EBFB}</UniqueIdentifier>
      <Extensions>h;hh;hpp;hxx;hm;inl;inc;xsd</Extensions>
    </Filter>
    <Filter Include="Resource Files">
      <UniqueIdentifier>{67DA6AB6-F800-4c08-8B7A-83BB121AAD01}</UniqueIdentifier>
      <Extensions>rc;ico;cur;bmp;dlg;rc2;rct;bin;rgs;gif;jpg;jpeg;jpe;resx;tiff;tif;png;wav;mfcribbon-ms</Extensions>
    </Filter>
  </ItemGroup>
  <ItemGroup>
    <ClCompile Include="Brick.cpp">
      <Filter>Source Files</Filter>
    </ClCompile>
    <ClCompile Include="Game.cpp">
      <Filter>Source Files</Filter>
    </ClCompile>
    <ClCompile Include="GameObject.cpp">
      <Filter>Source Files</Filter>
    </ClCompile>
    <ClCompile Include="main.cpp">
      <Filter>Source Files</Filter>
    </ClCompile>
    <ClCompile Include="Sprites.cpp">
      <Filter>Source Files</Filter>
    </ClCompile>
    <ClCompile Include="Textures.cpp">
      <Filter>Source Files</Filter>
    </ClCompile>
    <ClCompile Include="Scence.cpp">
      <Filter>Source Files</Filter>
    </ClCompile>
    <ClCompile Include="PlayScence.cpp">
      <Filter>Source Files</Filter>
    </ClCompile>
    <ClCompile Include="Animations.cpp">
      <Filter>Source Files</Filter>
    </ClCompile>
    <ClCompile Include="Utils.cpp">
      <Filter>Source Files</Filter>
    </ClCompile>
    <ClCompile Include="Portal.cpp">
      <Filter>Source Files</Filter>
    </ClCompile>
    <ClCompile Include="Simon.cpp">
      <Filter>Source Files</Filter>
    </ClCompile>
    <ClCompile Include="TileMap.cpp">
      <Filter>Source Files</Filter>
    </ClCompile>
    <ClCompile Include="Candle.cpp">
      <Filter>Source Files</Filter>
    </ClCompile>
    <ClCompile Include="Whip.cpp">
      <Filter>Source Files</Filter>
    </ClCompile>
    <ClCompile Include="Items.cpp">
      <Filter>Source Files</Filter>
    </ClCompile>
    <ClCompile Include="BHeart_Items.cpp">
      <Filter>Source Files</Filter>
    </ClCompile>
    <ClCompile Include="Chain_Items.cpp">
      <Filter>Source Files</Filter>
    </ClCompile>
    <ClCompile Include="Dagger_Items.cpp">
      <Filter>Source Files</Filter>
    </ClCompile>
    <ClCompile Include="Dagger.cpp">
      <Filter>Source Files</Filter>
    </ClCompile>
    <ClCompile Include="BlackKnight_Enemies.cpp">
      <Filter>Source Files</Filter>
    </ClCompile>
    <ClCompile Include="DrawCharacters.cpp">
      <Filter>Source Files</Filter>
    </ClCompile>
    <ClCompile Include="Boomerang_Weapons.cpp">
      <Filter>Source Files</Filter>
    </ClCompile>
    <ClCompile Include="Bat_Enemies.cpp">
      <Filter>Source Files</Filter>
    </ClCompile>
    <ClCompile Include="StartStair.cpp">
      <Filter>Source Files</Filter>
    </ClCompile>
    <ClCompile Include="EndStair.cpp">
      <Filter>Source Files</Filter>
    </ClCompile>
    <ClCompile Include="Boomerang_Items.cpp">
      <Filter>Source Files</Filter>
    </ClCompile>
    <ClCompile Include="MoneyPocket_Items.cpp">
      <Filter>Source Files</Filter>
    </ClCompile>
    <ClCompile Include="MovingPlatform.cpp">
      <Filter>Source Files</Filter>
    </ClCompile>
    <ClCompile Include="ScoreBoard.cpp">
      <Filter>Source Files</Filter>
    </ClCompile>
    <ClCompile Include="Subweapons.cpp">
      <Filter>Source Files</Filter>
    </ClCompile>
    <ClCompile Include="VariousStair.cpp">
      <Filter>Source Files</Filter>
    </ClCompile>
    <ClCompile Include="WallPieces.cpp">
      <Filter>Source Files</Filter>
    </ClCompile>
    <ClCompile Include="BreakWall.cpp">
      <Filter>Source Files</Filter>
    </ClCompile>
    <ClCompile Include="SHeart_Items.cpp">
      <Filter>Source Files</Filter>
    </ClCompile>
    <ClCompile Include="Crown_Items.cpp">
      <Filter>Source Files</Filter>
    </ClCompile>
    <ClCompile Include="Zombie_Enemies.cpp">
      <Filter>Source Files</Filter>
    </ClCompile>
    <ClCompile Include="HunchBack_Enemies.cpp">
      <Filter>Source Files</Filter>
    </ClCompile>
    <ClCompile Include="Door.cpp">
      <Filter>Source Files</Filter>
    </ClCompile>
    <ClCompile Include="HolyWater_Items.cpp">
      <Filter>Source Files</Filter>
    </ClCompile>
    <ClCompile Include="HolyWater_Weapons.cpp">
      <Filter>Source Files</Filter>
    </ClCompile>
    <ClCompile Include="Skeleton_Enemies.cpp">
      <Filter>Source Files</Filter>
    </ClCompile>
    <ClCompile Include="Grid.cpp">
      <Filter>Source Files</Filter>
    </ClCompile>
  </ItemGroup>
  <ItemGroup>
    <ClInclude Include="Brick.h">
      <Filter>Header Files</Filter>
    </ClInclude>
    <ClInclude Include="Game.h">
      <Filter>Header Files</Filter>
    </ClInclude>
    <ClInclude Include="GameObject.h">
      <Filter>Header Files</Filter>
    </ClInclude>
    <ClInclude Include="Sprites.h">
      <Filter>Header Files</Filter>
    </ClInclude>
    <ClInclude Include="Textures.h">
      <Filter>Header Files</Filter>
    </ClInclude>
    <ClInclude Include="Scence.h">
      <Filter>Header Files</Filter>
    </ClInclude>
    <ClInclude Include="PlayScence.h">
      <Filter>Header Files</Filter>
    </ClInclude>
    <ClInclude Include="Animations.h">
      <Filter>Header Files</Filter>
    </ClInclude>
    <ClInclude Include="KeyEventHandler.h">
      <Filter>Header Files</Filter>
    </ClInclude>
    <ClInclude Include="Utils.h">
      <Filter>Header Files</Filter>
    </ClInclude>
    <ClInclude Include="Portal.h">
      <Filter>Header Files</Filter>
    </ClInclude>
    <ClInclude Include="Simon.h">
      <Filter>Header Files</Filter>
    </ClInclude>
    <ClInclude Include="TileMap.h">
      <Filter>Header Files</Filter>
    </ClInclude>
    <ClInclude Include="Candle.h">
      <Filter>Header Files</Filter>
    </ClInclude>
    <ClInclude Include="Whip.h">
      <Filter>Header Files</Filter>
    </ClInclude>
    <ClInclude Include="Items.h">
      <Filter>Header Files</Filter>
    </ClInclude>
    <ClInclude Include="BHeart_Items.h">
      <Filter>Header Files</Filter>
    </ClInclude>
    <ClInclude Include="Chain_Items.h">
      <Filter>Header Files</Filter>
    </ClInclude>
    <ClInclude Include="Dagger_Items.h">
      <Filter>Header Files</Filter>
    </ClInclude>
    <ClInclude Include="Dagger.h">
      <Filter>Header Files</Filter>
    </ClInclude>
    <ClInclude Include="BlackKnight_Enemies.h">
      <Filter>Header Files</Filter>
    </ClInclude>
    <ClInclude Include="DrawCharacters.h">
      <Filter>Header Files</Filter>
    </ClInclude>
    <ClInclude Include="Boomerang_Weapons.h">
      <Filter>Header Files</Filter>
    </ClInclude>
    <ClInclude Include="Bat_Enemies.h">
      <Filter>Header Files</Filter>
    </ClInclude>
    <ClInclude Include="EndStair.h">
      <Filter>Header Files</Filter>
    </ClInclude>
    <ClInclude Include="StartStair.h">
      <Filter>Header Files</Filter>
    </ClInclude>
    <ClInclude Include="Boomerang_Items.h">
      <Filter>Header Files</Filter>
    </ClInclude>
    <ClInclude Include="MoneyPocket_Items.h">
      <Filter>Header Files</Filter>
    </ClInclude>
    <ClInclude Include="MovingPlatform.h">
      <Filter>Header Files</Filter>
    </ClInclude>
    <ClInclude Include="ScoreBoard.h">
      <Filter>Header Files</Filter>
    </ClInclude>
    <ClInclude Include="VariousStair.h">
      <Filter>Header Files</Filter>
    </ClInclude>
    <ClInclude Include="WallPieces.h">
      <Filter>Header Files</Filter>
    </ClInclude>
    <ClInclude Include="BreakWall.h">
      <Filter>Header Files</Filter>
    </ClInclude>
    <ClInclude Include="SHeart_Items.h">
      <Filter>Header Files</Filter>
    </ClInclude>
    <ClInclude Include="Crown_Items.h">
      <Filter>Header Files</Filter>
    </ClInclude>
    <ClInclude Include="Zombie_Enemies.h">
      <Filter>Header Files</Filter>
    </ClInclude>
    <ClInclude Include="HunchBack_Enemies.h">
      <Filter>Header Files</Filter>
    </ClInclude>
    <ClInclude Include="Door.h">
      <Filter>Header Files</Filter>
    </ClInclude>
    <ClInclude Include="HolyWater_Items.h">
      <Filter>Header Files</Filter>
    </ClInclude>
    <ClInclude Include="HolyWater_Weapons.h">
      <Filter>Header Files</Filter>
    </ClInclude>
    <ClInclude Include="Skeleton_Enemies.h">
      <Filter>Header Files</Filter>
    </ClInclude>
    <ClInclude Include="Grid.h">
      <Filter>Header Files</Filter>
    </ClInclude>
  </ItemGroup>
</Project>